
Microsoft Visual Studio Solution File, Format Version 12.00
# Visual Studio Version 17
VisualStudioVersion = 17.12.35707.178
MinimumVisualStudioVersion = 10.0.40219.1
Project("{FAE04EC0-301F-11D3-BF4B-00C04F79EFBC}") = "HouseIncomeCalculator", "HouseIncomeCalculator\HouseIncomeCalculator.csproj", "{06B0EC95-2F0A-4300-A443-69361788227C}"
EndProject
Project("{FAE04EC0-301F-11D3-BF4B-00C04F79EFBC}") = "Money", "Money\Money.csproj", "{B2E4F9EF-965E-4797-A434-49B75C5E81FD}"
EndProject
Project("{FAE04EC0-301F-11D3-BF4B-00C04F79EFBC}") = "ConsoleWriteHelper", "ConsoleWriteHelper\ConsoleWriteHelper.csproj", "{F83E207B-2A68-4DFD-B017-79215D6C4ECA}"
EndProject
Global
	GlobalSection(SolutionConfigurationPlatforms) = preSolution
		Debug|Any CPU = Debug|Any CPU
		Release|Any CPU = Release|Any CPU
	EndGlobalSection
	GlobalSection(ProjectConfigurationPlatforms) = postSolution
		{06B0EC95-2F0A-4300-A443-69361788227C}.Debug|Any CPU.ActiveCfg = Debug|Any CPU
		{06B0EC95-2F0A-4300-A443-69361788227C}.Debug|Any CPU.Build.0 = Debug|Any CPU
		{06B0EC95-2F0A-4300-A443-69361788227C}.Release|Any CPU.ActiveCfg = Release|Any CPU
		{06B0EC95-2F0A-4300-A443-69361788227C}.Release|Any CPU.Build.0 = Release|Any CPU
		{B2E4F9EF-965E-4797-A434-49B75C5E81FD}.Debug|Any CPU.ActiveCfg = Debug|Any CPU
		{B2E4F9EF-965E-4797-A434-49B75C5E81FD}.Debug|Any CPU.Build.0 = Debug|Any CPU
		{B2E4F9EF-965E-4797-A434-49B75C5E81FD}.Release|Any CPU.ActiveCfg = Release|Any CPU
		{B2E4F9EF-965E-4797-A434-49B75C5E81FD}.Release|Any CPU.Build.0 = Release|Any CPU
		{F83E207B-2A68-4DFD-B017-79215D6C4ECA}.Debug|Any CPU.ActiveCfg = Debug|Any CPU
		{F83E207B-2A68-4DFD-B017-79215D6C4ECA}.Debug|Any CPU.Build.0 = Debug|Any CPU
		{F83E207B-2A68-4DFD-B017-79215D6C4ECA}.Release|Any CPU.ActiveCfg = Release|Any CPU
		{F83E207B-2A68-4DFD-B017-79215D6C4ECA}.Release|Any CPU.Build.0 = Release|Any CPU
	EndGlobalSection
	GlobalSection(SolutionProperties) = preSolution
		HideSolutionNode = FALSE
	EndGlobalSection
EndGlobal
